
Microsoft Visual Studio Solution File, Format Version 12.00
# Visual Studio 14
VisualStudioVersion = 14.0.25420.1
MinimumVisualStudioVersion = 10.0.40219.1
Project("{FAE04EC0-301F-11D3-BF4B-00C04F79EFBC}") = "App1.Android", "App1\App1.Android\App1.Android.csproj", "{94C123BD-A78E-45D8-AF95-26A3A8989289}"
EndProject
Project("{FAE04EC0-301F-11D3-BF4B-00C04F79EFBC}") = "App1", "App1\App1\App1.csproj", "{699BFB70-0B67-4DAC-A242-46A0C6640475}"
EndProject
Project("{FAE04EC0-301F-11D3-BF4B-00C04F79EFBC}") = "App1.UWP", "App1\App1.UWP\App1.UWP.csproj", "{273FEA5C-AAFB-4C3C-87D5-8284C62A7853}"
EndProject
Project("{FAE04EC0-301F-11D3-BF4B-00C04F79EFBC}") = "App1.iOS", "App1\App1.iOS\App1.iOS.csproj", "{6E8A7C0E-DDE9-4CB9-8E34-409AD1EC9D31}"
EndProject
Global
	GlobalSection(SolutionConfigurationPlatforms) = preSolution
		Ad-Hoc|Any CPU = Ad-Hoc|Any CPU
		Ad-Hoc|ARM = Ad-Hoc|ARM
		Ad-Hoc|iPhone = Ad-Hoc|iPhone
		Ad-Hoc|iPhoneSimulator = Ad-Hoc|iPhoneSimulator
		Ad-Hoc|x64 = Ad-Hoc|x64
		Ad-Hoc|x86 = Ad-Hoc|x86
		AppStore|Any CPU = AppStore|Any CPU
		AppStore|ARM = AppStore|ARM
		AppStore|iPhone = AppStore|iPhone
		AppStore|iPhoneSimulator = AppStore|iPhoneSimulator
		AppStore|x64 = AppStore|x64
		AppStore|x86 = AppStore|x86
		Debug|Any CPU = Debug|Any CPU
		Debug|ARM = Debug|ARM
		Debug|iPhone = Debug|iPhone
		Debug|iPhoneSimulator = Debug|iPhoneSimulator
		Debug|x64 = Debug|x64
		Debug|x86 = Debug|x86
		Release|Any CPU = Release|Any CPU
		Release|ARM = Release|ARM
		Release|iPhone = Release|iPhone
		Release|iPhoneSimulator = Release|iPhoneSimulator
		Release|x64 = Release|x64
		Release|x86 = Release|x86
	EndGlobalSection
	GlobalSection(ProjectConfigurationPlatforms) = postSolution
		{94C123BD-A78E-45D8-AF95-26A3A8989289}.Ad-Hoc|Any CPU.ActiveCfg = Release|Any CPU
		{94C123BD-A78E-45D8-AF95-26A3A8989289}.Ad-Hoc|Any CPU.Build.0 = Release|Any CPU
		{94C123BD-A78E-45D8-AF95-26A3A8989289}.Ad-Hoc|Any CPU.Deploy.0 = Release|Any CPU
		{94C123BD-A78E-45D8-AF95-26A3A8989289}.Ad-Hoc|ARM.ActiveCfg = Release|Any CPU
		{94C123BD-A78E-45D8-AF95-26A3A8989289}.Ad-Hoc|ARM.Build.0 = Release|Any CPU
		{94C123BD-A78E-45D8-AF95-26A3A8989289}.Ad-Hoc|ARM.Deploy.0 = Release|Any CPU
		{94C123BD-A78E-45D8-AF95-26A3A8989289}.Ad-Hoc|iPhone.ActiveCfg = Release|Any CPU
		{94C123BD-A78E-45D8-AF95-26A3A8989289}.Ad-Hoc|iPhone.Build.0 = Release|Any CPU
		{94C123BD-A78E-45D8-AF95-26A3A8989289}.Ad-Hoc|iPhone.Deploy.0 = Release|Any CPU
		{94C123BD-A78E-45D8-AF95-26A3A8989289}.Ad-Hoc|iPhoneSimulator.ActiveCfg = Release|Any CPU
		{94C123BD-A78E-45D8-AF95-26A3A8989289}.Ad-Hoc|iPhoneSimulator.Build.0 = Release|Any CPU
		{94C123BD-A78E-45D8-AF95-26A3A8989289}.Ad-Hoc|iPhoneSimulator.Deploy.0 = Release|Any CPU
		{94C123BD-A78E-45D8-AF95-26A3A8989289}.Ad-Hoc|x64.ActiveCfg = Release|Any CPU
		{94C123BD-A78E-45D8-AF95-26A3A8989289}.Ad-Hoc|x64.Build.0 = Release|Any CPU
		{94C123BD-A78E-45D8-AF95-26A3A8989289}.Ad-Hoc|x64.Deploy.0 = Release|Any CPU
		{94C123BD-A78E-45D8-AF95-26A3A8989289}.Ad-Hoc|x86.ActiveCfg = Release|Any CPU
		{94C123BD-A78E-45D8-AF95-26A3A8989289}.Ad-Hoc|x86.Build.0 = Release|Any CPU
		{94C123BD-A78E-45D8-AF95-26A3A8989289}.Ad-Hoc|x86.Deploy.0 = Release|Any CPU
		{94C123BD-A78E-45D8-AF95-26A3A8989289}.AppStore|Any CPU.ActiveCfg = Release|Any CPU
		{94C123BD-A78E-45D8-AF95-26A3A8989289}.AppStore|Any CPU.Build.0 = Release|Any CPU
		{94C123BD-A78E-45D8-AF95-26A3A8989289}.AppStore|Any CPU.Deploy.0 = Release|Any CPU
		{94C123BD-A78E-45D8-AF95-26A3A8989289}.AppStore|ARM.ActiveCfg = Release|Any CPU
		{94C123BD-A78E-45D8-AF95-26A3A8989289}.AppStore|ARM.Build.0 = Release|Any CPU
		{94C123BD-A78E-45D8-AF95-26A3A8989289}.AppStore|ARM.Deploy.0 = Release|Any CPU
		{94C123BD-A78E-45D8-AF95-26A3A8989289}.AppStore|iPhone.ActiveCfg = Release|Any CPU
		{94C123BD-A78E-45D8-AF95-26A3A8989289}.AppStore|iPhone.Build.0 = Release|Any CPU
		{94C123BD-A78E-45D8-AF95-26A3A8989289}.AppStore|iPhone.Deploy.0 = Release|Any CPU
		{94C123BD-A78E-45D8-AF95-26A3A8989289}.AppStore|iPhoneSimulator.ActiveCfg = Release|Any CPU
		{94C123BD-A78E-45D8-AF95-26A3A8989289}.AppStore|iPhoneSimulator.Build.0 = Release|Any CPU
		{94C123BD-A78E-45D8-AF95-26A3A8989289}.AppStore|iPhoneSimulator.Deploy.0 = Release|Any CPU
		{94C123BD-A78E-45D8-AF95-26A3A8989289}.AppStore|x64.ActiveCfg = Release|Any CPU
		{94C123BD-A78E-45D8-AF95-26A3A8989289}.AppStore|x64.Build.0 = Release|Any CPU
		{94C123BD-A78E-45D8-AF95-26A3A8989289}.AppStore|x64.Deploy.0 = Release|Any CPU
		{94C123BD-A78E-45D8-AF95-26A3A8989289}.AppStore|x86.ActiveCfg = Release|Any CPU
		{94C123BD-A78E-45D8-AF95-26A3A8989289}.AppStore|x86.Build.0 = Release|Any CPU
		{94C123BD-A78E-45D8-AF95-26A3A8989289}.AppStore|x86.Deploy.0 = Release|Any CPU
		{94C123BD-A78E-45D8-AF95-26A3A8989289}.Debug|Any CPU.ActiveCfg = Debug|Any CPU
		{94C123BD-A78E-45D8-AF95-26A3A8989289}.Debug|Any CPU.Build.0 = Debug|Any CPU
		{94C123BD-A78E-45D8-AF95-26A3A8989289}.Debug|Any CPU.Deploy.0 = Debug|Any CPU
		{94C123BD-A78E-45D8-AF95-26A3A8989289}.Debug|ARM.ActiveCfg = Debug|Any CPU
		{94C123BD-A78E-45D8-AF95-26A3A8989289}.Debug|ARM.Build.0 = Debug|Any CPU
		{94C123BD-A78E-45D8-AF95-26A3A8989289}.Debug|ARM.Deploy.0 = Debug|Any CPU
		{94C123BD-A78E-45D8-AF95-26A3A8989289}.Debug|iPhone.ActiveCfg = Debug|Any CPU
		{94C123BD-A78E-45D8-AF95-26A3A8989289}.Debug|iPhone.Build.0 = Debug|Any CPU
		{94C123BD-A78E-45D8-AF95-26A3A8989289}.Debug|iPhone.Deploy.0 = Debug|Any CPU
		{94C123BD-A78E-45D8-AF95-26A3A8989289}.Debug|iPhoneSimulator.ActiveCfg = Debug|Any CPU
		{94C123BD-A78E-45D8-AF95-26A3A8989289}.Debug|iPhoneSimulator.Build.0 = Debug|Any CPU
		{94C123BD-A78E-45D8-AF95-26A3A8989289}.Debug|iPhoneSimulator.Deploy.0 = Debug|Any CPU
		{94C123BD-A78E-45D8-AF95-26A3A8989289}.Debug|x64.ActiveCfg = Debug|Any CPU
		{94C123BD-A78E-45D8-AF95-26A3A8989289}.Debug|x64.Build.0 = Debug|Any CPU
		{94C123BD-A78E-45D8-AF95-26A3A8989289}.Debug|x64.Deploy.0 = Debug|Any CPU
		{94C123BD-A78E-45D8-AF95-26A3A8989289}.Debug|x86.ActiveCfg = Debug|Any CPU
		{94C123BD-A78E-45D8-AF95-26A3A8989289}.Debug|x86.Build.0 = Debug|Any CPU
		{94C123BD-A78E-45D8-AF95-26A3A8989289}.Debug|x86.Deploy.0 = Debug|Any CPU
		{94C123BD-A78E-45D8-AF95-26A3A8989289}.Release|Any CPU.ActiveCfg = Release|Any CPU
		{94C123BD-A78E-45D8-AF95-26A3A8989289}.Release|Any CPU.Build.0 = Release|Any CPU
		{94C123BD-A78E-45D8-AF95-26A3A8989289}.Release|Any CPU.Deploy.0 = Release|Any CPU
		{94C123BD-A78E-45D8-AF95-26A3A8989289}.Release|ARM.ActiveCfg = Release|Any CPU
		{94C123BD-A78E-45D8-AF95-26A3A8989289}.Release|ARM.Build.0 = Release|Any CPU
		{94C123BD-A78E-45D8-AF95-26A3A8989289}.Release|ARM.Deploy.0 = Release|Any CPU
		{94C123BD-A78E-45D8-AF95-26A3A8989289}.Release|iPhone.ActiveCfg = Release|Any CPU
		{94C123BD-A78E-45D8-AF95-26A3A8989289}.Release|iPhone.Build.0 = Release|Any CPU
		{94C123BD-A78E-45D8-AF95-26A3A8989289}.Release|iPhone.Deploy.0 = Release|Any CPU
		{94C123BD-A78E-45D8-AF95-26A3A8989289}.Release|iPhoneSimulator.ActiveCfg = Release|Any CPU
		{94C123BD-A78E-45D8-AF95-26A3A8989289}.Release|iPhoneSimulator.Build.0 = Release|Any CPU
		{94C123BD-A78E-45D8-AF95-26A3A8989289}.Release|iPhoneSimulator.Deploy.0 = Release|Any CPU
		{94C123BD-A78E-45D8-AF95-26A3A8989289}.Release|x64.ActiveCfg = Release|Any CPU
		{94C123BD-A78E-45D8-AF95-26A3A8989289}.Release|x64.Build.0 = Release|Any CPU
		{94C123BD-A78E-45D8-AF95-26A3A8989289}.Release|x64.Deploy.0 = Release|Any CPU
		{94C123BD-A78E-45D8-AF95-26A3A8989289}.Release|x86.ActiveCfg = Release|Any CPU
		{94C123BD-A78E-45D8-AF95-26A3A8989289}.Release|x86.Build.0 = Release|Any CPU
		{94C123BD-A78E-45D8-AF95-26A3A8989289}.Release|x86.Deploy.0 = Release|Any CPU
		{699BFB70-0B67-4DAC-A242-46A0C6640475}.Ad-Hoc|Any CPU.ActiveCfg = Release|Any CPU
		{699BFB70-0B67-4DAC-A242-46A0C6640475}.Ad-Hoc|Any CPU.Build.0 = Release|Any CPU
		{699BFB70-0B67-4DAC-A242-46A0C6640475}.Ad-Hoc|ARM.ActiveCfg = Release|Any CPU
		{699BFB70-0B67-4DAC-A242-46A0C6640475}.Ad-Hoc|ARM.Build.0 = Release|Any CPU
		{699BFB70-0B67-4DAC-A242-46A0C6640475}.Ad-Hoc|iPhone.ActiveCfg = Release|Any CPU
		{699BFB70-0B67-4DAC-A242-46A0C6640475}.Ad-Hoc|iPhone.Build.0 = Release|Any CPU
		{699BFB70-0B67-4DAC-A242-46A0C6640475}.Ad-Hoc|iPhoneSimulator.ActiveCfg = Release|Any CPU
		{699BFB70-0B67-4DAC-A242-46A0C6640475}.Ad-Hoc|iPhoneSimulator.Build.0 = Release|Any CPU
		{699BFB70-0B67-4DAC-A242-46A0C6640475}.Ad-Hoc|x64.ActiveCfg = Release|Any CPU
		{699BFB70-0B67-4DAC-A242-46A0C6640475}.Ad-Hoc|x64.Build.0 = Release|Any CPU
		{699BFB70-0B67-4DAC-A242-46A0C6640475}.Ad-Hoc|x86.ActiveCfg = Release|Any CPU
		{699BFB70-0B67-4DAC-A242-46A0C6640475}.Ad-Hoc|x86.Build.0 = Release|Any CPU
		{699BFB70-0B67-4DAC-A242-46A0C6640475}.AppStore|Any CPU.ActiveCfg = Release|Any CPU
		{699BFB70-0B67-4DAC-A242-46A0C6640475}.AppStore|Any CPU.Build.0 = Release|Any CPU
		{699BFB70-0B67-4DAC-A242-46A0C6640475}.AppStore|ARM.ActiveCfg = Release|Any CPU
		{699BFB70-0B67-4DAC-A242-46A0C6640475}.AppStore|ARM.Build.0 = Release|Any CPU
		{699BFB70-0B67-4DAC-A242-46A0C6640475}.AppStore|iPhone.ActiveCfg = Release|Any CPU
		{699BFB70-0B67-4DAC-A242-46A0C6640475}.AppStore|iPhone.Build.0 = Release|Any CPU
		{699BFB70-0B67-4DAC-A242-46A0C6640475}.AppStore|iPhoneSimulator.ActiveCfg = Release|Any CPU
		{699BFB70-0B67-4DAC-A242-46A0C6640475}.AppStore|iPhoneSimulator.Build.0 = Release|Any CPU
		{699BFB70-0B67-4DAC-A242-46A0C6640475}.AppStore|x64.ActiveCfg = Release|Any CPU
		{699BFB70-0B67-4DAC-A242-46A0C6640475}.AppStore|x64.Build.0 = Release|Any CPU
		{699BFB70-0B67-4DAC-A242-46A0C6640475}.AppStore|x86.ActiveCfg = Release|Any CPU
		{699BFB70-0B67-4DAC-A242-46A0C6640475}.AppStore|x86.Build.0 = Release|Any CPU
		{699BFB70-0B67-4DAC-A242-46A0C6640475}.Debug|Any CPU.ActiveCfg = Debug|Any CPU
		{699BFB70-0B67-4DAC-A242-46A0C6640475}.Debug|Any CPU.Build.0 = Debug|Any CPU
		{699BFB70-0B67-4DAC-A242-46A0C6640475}.Debug|ARM.ActiveCfg = Debug|Any CPU
		{699BFB70-0B67-4DAC-A242-46A0C6640475}.Debug|ARM.Build.0 = Debug|Any CPU
		{699BFB70-0B67-4DAC-A242-46A0C6640475}.Debug|iPhone.ActiveCfg = Debug|Any CPU
		{699BFB70-0B67-4DAC-A242-46A0C6640475}.Debug|iPhone.Build.0 = Debug|Any CPU
		{699BFB70-0B67-4DAC-A242-46A0C6640475}.Debug|iPhoneSimulator.ActiveCfg = Debug|Any CPU
		{699BFB70-0B67-4DAC-A242-46A0C6640475}.Debug|iPhoneSimulator.Build.0 = Debug|Any CPU
		{699BFB70-0B67-4DAC-A242-46A0C6640475}.Debug|x64.ActiveCfg = Debug|Any CPU
		{699BFB70-0B67-4DAC-A242-46A0C6640475}.Debug|x64.Build.0 = Debug|Any CPU
		{699BFB70-0B67-4DAC-A242-46A0C6640475}.Debug|x86.ActiveCfg = Debug|Any CPU
		{699BFB70-0B67-4DAC-A242-46A0C6640475}.Debug|x86.Build.0 = Debug|Any CPU
		{699BFB70-0B67-4DAC-A242-46A0C6640475}.Release|Any CPU.ActiveCfg = Release|Any CPU
		{699BFB70-0B67-4DAC-A242-46A0C6640475}.Release|Any CPU.Build.0 = Release|Any CPU
		{699BFB70-0B67-4DAC-A242-46A0C6640475}.Release|ARM.ActiveCfg = Release|Any CPU
		{699BFB70-0B67-4DAC-A242-46A0C6640475}.Release|ARM.Build.0 = Release|Any CPU
		{699BFB70-0B67-4DAC-A242-46A0C6640475}.Release|iPhone.ActiveCfg = Release|Any CPU
		{699BFB70-0B67-4DAC-A242-46A0C6640475}.Release|iPhone.Build.0 = Release|Any CPU
		{699BFB70-0B67-4DAC-A242-46A0C6640475}.Release|iPhoneSimulator.ActiveCfg = Release|Any CPU
		{699BFB70-0B67-4DAC-A242-46A0C6640475}.Release|iPhoneSimulator.Build.0 = Release|Any CPU
		{699BFB70-0B67-4DAC-A242-46A0C6640475}.Release|x64.ActiveCfg = Release|Any CPU
		{699BFB70-0B67-4DAC-A242-46A0C6640475}.Release|x64.Build.0 = Release|Any CPU
		{699BFB70-0B67-4DAC-A242-46A0C6640475}.Release|x86.ActiveCfg = Release|Any CPU
		{699BFB70-0B67-4DAC-A242-46A0C6640475}.Release|x86.Build.0 = Release|Any CPU
		{273FEA5C-AAFB-4C3C-87D5-8284C62A7853}.Ad-Hoc|Any CPU.ActiveCfg = Release|x86
		{273FEA5C-AAFB-4C3C-87D5-8284C62A7853}.Ad-Hoc|Any CPU.Build.0 = Release|x86
		{273FEA5C-AAFB-4C3C-87D5-8284C62A7853}.Ad-Hoc|Any CPU.Deploy.0 = Release|x86
		{273FEA5C-AAFB-4C3C-87D5-8284C62A7853}.Ad-Hoc|ARM.ActiveCfg = Release|ARM
		{273FEA5C-AAFB-4C3C-87D5-8284C62A7853}.Ad-Hoc|ARM.Build.0 = Release|ARM
		{273FEA5C-AAFB-4C3C-87D5-8284C62A7853}.Ad-Hoc|ARM.Deploy.0 = Release|ARM
		{273FEA5C-AAFB-4C3C-87D5-8284C62A7853}.Ad-Hoc|iPhone.ActiveCfg = Release|x86
		{273FEA5C-AAFB-4C3C-87D5-8284C62A7853}.Ad-Hoc|iPhone.Build.0 = Release|x86
		{273FEA5C-AAFB-4C3C-87D5-8284C62A7853}.Ad-Hoc|iPhone.Deploy.0 = Release|x86
		{273FEA5C-AAFB-4C3C-87D5-8284C62A7853}.Ad-Hoc|iPhoneSimulator.ActiveCfg = Release|x86
		{273FEA5C-AAFB-4C3C-87D5-8284C62A7853}.Ad-Hoc|iPhoneSimulator.Build.0 = Release|x86
		{273FEA5C-AAFB-4C3C-87D5-8284C62A7853}.Ad-Hoc|iPhoneSimulator.Deploy.0 = Release|x86
		{273FEA5C-AAFB-4C3C-87D5-8284C62A7853}.Ad-Hoc|x64.ActiveCfg = Release|x64
		{273FEA5C-AAFB-4C3C-87D5-8284C62A7853}.Ad-Hoc|x64.Build.0 = Release|x64
		{273FEA5C-AAFB-4C3C-87D5-8284C62A7853}.Ad-Hoc|x64.Deploy.0 = Release|x64
		{273FEA5C-AAFB-4C3C-87D5-8284C62A7853}.Ad-Hoc|x86.ActiveCfg = Release|x86
		{273FEA5C-AAFB-4C3C-87D5-8284C62A7853}.Ad-Hoc|x86.Build.0 = Release|x86
		{273FEA5C-AAFB-4C3C-87D5-8284C62A7853}.Ad-Hoc|x86.Deploy.0 = Release|x86
		{273FEA5C-AAFB-4C3C-87D5-8284C62A7853}.AppStore|Any CPU.ActiveCfg = Release|x86
		{273FEA5C-AAFB-4C3C-87D5-8284C62A7853}.AppStore|Any CPU.Build.0 = Release|x86
		{273FEA5C-AAFB-4C3C-87D5-8284C62A7853}.AppStore|Any CPU.Deploy.0 = Release|x86
		{273FEA5C-AAFB-4C3C-87D5-8284C62A7853}.AppStore|ARM.ActiveCfg = Release|ARM
		{273FEA5C-AAFB-4C3C-87D5-8284C62A7853}.AppStore|ARM.Build.0 = Release|ARM
		{273FEA5C-AAFB-4C3C-87D5-8284C62A7853}.AppStore|ARM.Deploy.0 = Release|ARM
		{273FEA5C-AAFB-4C3C-87D5-8284C62A7853}.AppStore|iPhone.ActiveCfg = Release|x86
		{273FEA5C-AAFB-4C3C-87D5-8284C62A7853}.AppStore|iPhone.Build.0 = Release|x86
		{273FEA5C-AAFB-4C3C-87D5-8284C62A7853}.AppStore|iPhone.Deploy.0 = Release|x86
		{273FEA5C-AAFB-4C3C-87D5-8284C62A7853}.AppStore|iPhoneSimulator.ActiveCfg = Release|x86
		{273FEA5C-AAFB-4C3C-87D5-8284C62A7853}.AppStore|iPhoneSimulator.Build.0 = Release|x86
		{273FEA5C-AAFB-4C3C-87D5-8284C62A7853}.AppStore|iPhoneSimulator.Deploy.0 = Release|x86
		{273FEA5C-AAFB-4C3C-87D5-8284C62A7853}.AppStore|x64.ActiveCfg = Release|x64
		{273FEA5C-AAFB-4C3C-87D5-8284C62A7853}.AppStore|x64.Build.0 = Release|x64
		{273FEA5C-AAFB-4C3C-87D5-8284C62A7853}.AppStore|x64.Deploy.0 = Release|x64
		{273FEA5C-AAFB-4C3C-87D5-8284C62A7853}.AppStore|x86.ActiveCfg = Release|x86
		{273FEA5C-AAFB-4C3C-87D5-8284C62A7853}.AppStore|x86.Build.0 = Release|x86
		{273FEA5C-AAFB-4C3C-87D5-8284C62A7853}.AppStore|x86.Deploy.0 = Release|x86
		{273FEA5C-AAFB-4C3C-87D5-8284C62A7853}.Debug|Any CPU.ActiveCfg = Debug|x86
		{273FEA5C-AAFB-4C3C-87D5-8284C62A7853}.Debug|ARM.ActiveCfg = Debug|ARM
		{273FEA5C-AAFB-4C3C-87D5-8284C62A7853}.Debug|ARM.Build.0 = Debug|ARM
		{273FEA5C-AAFB-4C3C-87D5-8284C62A7853}.Debug|ARM.Deploy.0 = Debug|ARM
		{273FEA5C-AAFB-4C3C-87D5-8284C62A7853}.Debug|iPhone.ActiveCfg = Debug|x86
		{273FEA5C-AAFB-4C3C-87D5-8284C62A7853}.Debug|iPhoneSimulator.ActiveCfg = Debug|x86
		{273FEA5C-AAFB-4C3C-87D5-8284C62A7853}.Debug|x64.ActiveCfg = Debug|x64
		{273FEA5C-AAFB-4C3C-87D5-8284C62A7853}.Debug|x64.Build.0 = Debug|x64
		{273FEA5C-AAFB-4C3C-87D5-8284C62A7853}.Debug|x64.Deploy.0 = Debug|x64
		{273FEA5C-AAFB-4C3C-87D5-8284C62A7853}.Debug|x86.ActiveCfg = Debug|x86
		{273FEA5C-AAFB-4C3C-87D5-8284C62A7853}.Debug|x86.Build.0 = Debug|x86
		{273FEA5C-AAFB-4C3C-87D5-8284C62A7853}.Debug|x86.Deploy.0 = Debug|x86
		{273FEA5C-AAFB-4C3C-87D5-8284C62A7853}.Release|Any CPU.ActiveCfg = Release|x86
		{273FEA5C-AAFB-4C3C-87D5-8284C62A7853}.Release|ARM.ActiveCfg = Release|ARM
		{273FEA5C-AAFB-4C3C-87D5-8284C62A7853}.Release|ARM.Build.0 = Release|ARM
		{273FEA5C-AAFB-4C3C-87D5-8284C62A7853}.Release|ARM.Deploy.0 = Release|ARM
		{273FEA5C-AAFB-4C3C-87D5-8284C62A7853}.Release|iPhone.ActiveCfg = Release|x86
		{273FEA5C-AAFB-4C3C-87D5-8284C62A7853}.Release|iPhoneSimulator.ActiveCfg = Release|x86
		{273FEA5C-AAFB-4C3C-87D5-8284C62A7853}.Release|x64.ActiveCfg = Release|x64
		{273FEA5C-AAFB-4C3C-87D5-8284C62A7853}.Release|x64.Build.0 = Release|x64
		{273FEA5C-AAFB-4C3C-87D5-8284C62A7853}.Release|x64.Deploy.0 = Release|x64
		{273FEA5C-AAFB-4C3C-87D5-8284C62A7853}.Release|x86.ActiveCfg = Release|x86
		{273FEA5C-AAFB-4C3C-87D5-8284C62A7853}.Release|x86.Build.0 = Release|x86
		{273FEA5C-AAFB-4C3C-87D5-8284C62A7853}.Release|x86.Deploy.0 = Release|x86
		{6E8A7C0E-DDE9-4CB9-8E34-409AD1EC9D31}.Ad-Hoc|Any CPU.ActiveCfg = Ad-Hoc|iPhone
		{6E8A7C0E-DDE9-4CB9-8E34-409AD1EC9D31}.Ad-Hoc|ARM.ActiveCfg = Ad-Hoc|iPhone
		{6E8A7C0E-DDE9-4CB9-8E34-409AD1EC9D31}.Ad-Hoc|iPhone.ActiveCfg = Ad-Hoc|iPhone
		{6E8A7C0E-DDE9-4CB9-8E34-409AD1EC9D31}.Ad-Hoc|iPhone.Build.0 = Ad-Hoc|iPhone
		{6E8A7C0E-DDE9-4CB9-8E34-409AD1EC9D31}.Ad-Hoc|iPhoneSimulator.ActiveCfg = Ad-Hoc|iPhoneSimulator
		{6E8A7C0E-DDE9-4CB9-8E34-409AD1EC9D31}.Ad-Hoc|iPhoneSimulator.Build.0 = Ad-Hoc|iPhoneSimulator
		{6E8A7C0E-DDE9-4CB9-8E34-409AD1EC9D31}.Ad-Hoc|x64.ActiveCfg = Ad-Hoc|iPhone
		{6E8A7C0E-DDE9-4CB9-8E34-409AD1EC9D31}.Ad-Hoc|x86.ActiveCfg = Ad-Hoc|iPhone
		{6E8A7C0E-DDE9-4CB9-8E34-409AD1EC9D31}.AppStore|Any CPU.ActiveCfg = AppStore|iPhone
		{6E8A7C0E-DDE9-4CB9-8E34-409AD1EC9D31}.AppStore|ARM.ActiveCfg = AppStore|iPhone
		{6E8A7C0E-DDE9-4CB9-8E34-409AD1EC9D31}.AppStore|iPhone.ActiveCfg = AppStore|iPhone
		{6E8A7C0E-DDE9-4CB9-8E34-409AD1EC9D31}.AppStore|iPhone.Build.0 = AppStore|iPhone
		{6E8A7C0E-DDE9-4CB9-8E34-409AD1EC9D31}.AppStore|iPhoneSimulator.ActiveCfg = AppStore|iPhoneSimulator
		{6E8A7C0E-DDE9-4CB9-8E34-409AD1EC9D31}.AppStore|iPhoneSimulator.Build.0 = AppStore|iPhoneSimulator
		{6E8A7C0E-DDE9-4CB9-8E34-409AD1EC9D31}.AppStore|x64.ActiveCfg = AppStore|iPhone
		{6E8A7C0E-DDE9-4CB9-8E34-409AD1EC9D31}.AppStore|x86.ActiveCfg = AppStore|iPhone
		{6E8A7C0E-DDE9-4CB9-8E34-409AD1EC9D31}.Debug|Any CPU.ActiveCfg = Debug|iPhone
		{6E8A7C0E-DDE9-4CB9-8E34-409AD1EC9D31}.Debug|ARM.ActiveCfg = Debug|iPhone
		{6E8A7C0E-DDE9-4CB9-8E34-409AD1EC9D31}.Debug|iPhone.ActiveCfg = Debug|iPhone
		{6E8A7C0E-DDE9-4CB9-8E34-409AD1EC9D31}.Debug|iPhone.Build.0 = Debug|iPhone
		{6E8A7C0E-DDE9-4CB9-8E34-409AD1EC9D31}.Debug|iPhoneSimulator.ActiveCfg = Debug|iPhoneSimulator
		{6E8A7C0E-DDE9-4CB9-8E34-409AD1EC9D31}.Debug|iPhoneSimulator.Build.0 = Debug|iPhoneSimulator
		{6E8A7C0E-DDE9-4CB9-8E34-409AD1EC9D31}.Debug|x64.ActiveCfg = Debug|iPhone
		{6E8A7C0E-DDE9-4CB9-8E34-409AD1EC9D31}.Debug|x86.ActiveCfg = Debug|iPhone
		{6E8A7C0E-DDE9-4CB9-8E34-409AD1EC9D31}.Release|Any CPU.ActiveCfg = Release|iPhone
		{6E8A7C0E-DDE9-4CB9-8E34-409AD1EC9D31}.Release|ARM.ActiveCfg = Release|iPhone
		{6E8A7C0E-DDE9-4CB9-8E34-409AD1EC9D31}.Release|iPhone.ActiveCfg = Release|iPhone
		{6E8A7C0E-DDE9-4CB9-8E34-409AD1EC9D31}.Release|iPhone.Build.0 = Release|iPhone
		{6E8A7C0E-DDE9-4CB9-8E34-409AD1EC9D31}.Release|iPhoneSimulator.ActiveCfg = Release|iPhoneSimulator
		{6E8A7C0E-DDE9-4CB9-8E34-409AD1EC9D31}.Release|iPhoneSimulator.Build.0 = Release|iPhoneSimulator
		{6E8A7C0E-DDE9-4CB9-8E34-409AD1EC9D31}.Release|x64.ActiveCfg = Release|iPhone
		{6E8A7C0E-DDE9-4CB9-8E34-409AD1EC9D31}.Release|x86.ActiveCfg = Release|iPhone
	EndGlobalSection
	GlobalSection(SolutionProperties) = preSolution
		HideSolutionNode = FALSE
	EndGlobalSection
EndGlobal
